
Microsoft Visual Studio Solution File, Format Version 12.00
# Visual Studio Version 17
VisualStudioVersion = 17.1.32319.34
MinimumVisualStudioVersion = 10.0.40219.1
Project("{FAE04EC0-301F-11D3-BF4B-00C04F79EFBC}") = "Rubrica", "Rubrica\Rubrica.csproj", "{5D414795-7800-4F73-BD4F-6712526DE241}"
EndProject
Project("{FAE04EC0-301F-11D3-BF4B-00C04F79EFBC}") = "FileHelper", "FileHelper\FileHelper.csproj", "{83D41F6B-B69C-4279-A546-8027E8A139C0}"
EndProject
Global
	GlobalSection(SolutionConfigurationPlatforms) = preSolution
		Debug|Any CPU = Debug|Any CPU
		Release|Any CPU = Release|Any CPU
	EndGlobalSection
	GlobalSection(ProjectConfigurationPlatforms) = postSolution
		{5D414795-7800-4F73-BD4F-6712526DE241}.Debug|Any CPU.ActiveCfg = Debug|Any CPU
		{5D414795-7800-4F73-BD4F-6712526DE241}.Debug|Any CPU.Build.0 = Debug|Any CPU
		{5D414795-7800-4F73-BD4F-6712526DE241}.Release|Any CPU.ActiveCfg = Release|Any CPU
		{5D414795-7800-4F73-BD4F-6712526DE241}.Release|Any CPU.Build.0 = Release|Any CPU
		{83D41F6B-B69C-4279-A546-8027E8A139C0}.Debug|Any CPU.ActiveCfg = Debug|Any CPU
		{83D41F6B-B69C-4279-A546-8027E8A139C0}.Debug|Any CPU.Build.0 = Debug|Any CPU
		{83D41F6B-B69C-4279-A546-8027E8A139C0}.Release|Any CPU.ActiveCfg = Release|Any CPU
		{83D41F6B-B69C-4279-A546-8027E8A139C0}.Release|Any CPU.Build.0 = Release|Any CPU
	EndGlobalSection
	GlobalSection(SolutionProperties) = preSolution
		HideSolutionNode = FALSE
	EndGlobalSection
	GlobalSection(ExtensibilityGlobals) = postSolution
		SolutionGuid = {695D4A9B-3E85-4EA7-9F9B-0EB1B1B56E0C}
	EndGlobalSection
EndGlobal
